# This file is automatically @generated by Cargo.
# It is not intended for manual editing.
version = 4

[[package]]
name = "mongo-pg-catalog"
version = "0.1.0"
dependencies = [
 "mongo-pg-common",
]

[[package]]
name = "mongo-pg-common"
version = "0.1.0"

[[package]]
name = "mongo-pg-mongo-executor"
version = "0.1.0"
dependencies = [
 "mongo-pg-common",
]

[[package]]
name = "mongo-pg-proxy"
version = "0.1.0"
dependencies = [
 "mongo-pg-catalog",
 "mongo-pg-common",
 "mongo-pg-mongo-executor",
 "mongo-pg-sql-engine",
]

[[package]]
name = "mongo-pg-schema-discovery"
version = "0.1.0"
dependencies = [
 "mongo-pg-common",
]

[[package]]
name = "mongo-pg-sql-engine"
version = "0.1.0"
dependencies = [
 "mongo-pg-common",
]
